
Microsoft Visual Studio Solution File, Format Version 12.00
# Visual Studio Version 16
VisualStudioVersion = 16.0.31702.278
MinimumVisualStudioVersion = 10.0.40219.1
Project("{FAE04EC0-301F-11D3-BF4B-00C04F79EFBC}") = "esercizioGit", "esercizioGit\esercizioGit.csproj", "{FD17ACF2-9180-446E-819A-3072ECD3B253}"
EndProject
Global
	GlobalSection(SolutionConfigurationPlatforms) = preSolution
		Debug|Any CPU = Debug|Any CPU
		Release|Any CPU = Release|Any CPU
	EndGlobalSection
	GlobalSection(ProjectConfigurationPlatforms) = postSolution
		{FD17ACF2-9180-446E-819A-3072ECD3B253}.Debug|Any CPU.ActiveCfg = Debug|Any CPU
		{FD17ACF2-9180-446E-819A-3072ECD3B253}.Debug|Any CPU.Build.0 = Debug|Any CPU
		{FD17ACF2-9180-446E-819A-3072ECD3B253}.Release|Any CPU.ActiveCfg = Release|Any CPU
		{FD17ACF2-9180-446E-819A-3072ECD3B253}.Release|Any CPU.Build.0 = Release|Any CPU
	EndGlobalSection
	GlobalSection(SolutionProperties) = preSolution
		HideSolutionNode = FALSE
	EndGlobalSection
	GlobalSection(ExtensibilityGlobals) = postSolution
		SolutionGuid = {A05AE9BC-52FD-42A0-A7E1-E633EDF774AE}
	EndGlobalSection
EndGlobal
